
Microsoft Visual Studio Solution File, Format Version 12.00
# Visual Studio Version 16
VisualStudioVersion = 16.0.30717.126
MinimumVisualStudioVersion = 10.0.40219.1
Project("{9A19103F-16F7-4668-BE54-9A1E7A4F7556}") = "SKY.Simulation", "SKY.Simulation.csproj", "{6066B869-A138-42DB-B1B5-2C1564772811}"
EndProject
Project("{9A19103F-16F7-4668-BE54-9A1E7A4F7556}") = "SimulationLibrary", "SimulationLibrary\SimulationLibrary.csproj", "{5CA52953-D88D-4831-9037-253572BBE510}"
EndProject
Global
	GlobalSection(SolutionConfigurationPlatforms) = preSolution
		Debug|Any CPU = Debug|Any CPU
		Release|Any CPU = Release|Any CPU
	EndGlobalSection
	GlobalSection(ProjectConfigurationPlatforms) = postSolution
		{6066B869-A138-42DB-B1B5-2C1564772811}.Debug|Any CPU.ActiveCfg = Debug|Any CPU
		{6066B869-A138-42DB-B1B5-2C1564772811}.Debug|Any CPU.Build.0 = Debug|Any CPU
		{6066B869-A138-42DB-B1B5-2C1564772811}.Release|Any CPU.ActiveCfg = Release|Any CPU
		{6066B869-A138-42DB-B1B5-2C1564772811}.Release|Any CPU.Build.0 = Release|Any CPU
		{5CA52953-D88D-4831-9037-253572BBE510}.Debug|Any CPU.ActiveCfg = Debug|Any CPU
		{5CA52953-D88D-4831-9037-253572BBE510}.Debug|Any CPU.Build.0 = Debug|Any CPU
		{5CA52953-D88D-4831-9037-253572BBE510}.Release|Any CPU.ActiveCfg = Release|Any CPU
		{5CA52953-D88D-4831-9037-253572BBE510}.Release|Any CPU.Build.0 = Release|Any CPU
	EndGlobalSection
	GlobalSection(SolutionProperties) = preSolution
		HideSolutionNode = FALSE
	EndGlobalSection
	GlobalSection(ExtensibilityGlobals) = postSolution
		SolutionGuid = {572A3322-100B-45D6-8545-74D8F6DEE020}
	EndGlobalSection
EndGlobal
